
Microsoft Visual Studio Solution File, Format Version 12.00
# Visual Studio Version 17
VisualStudioVersion = 17.0.32126.317
MinimumVisualStudioVersion = 10.0.40219.1
Project("{FAE04EC0-301F-11D3-BF4B-00C04F79EFBC}") = "CoffeeCafe", "CoffeeCafe.csproj", "{40E3264C-6A6C-431B-B6CE-18C3A81D4165}"
EndProject
Project("{2150E333-8FDC-42A3-9474-1A3956D46DE8}") = "Solution Items", "Solution Items", "{E0484536-A4D8-4875-8662-B19DFAD3CD66}"
	ProjectSection(SolutionItems) = preProject
		.editorconfig = .editorconfig
	EndProjectSection
EndProject
Global
	GlobalSection(SolutionConfigurationPlatforms) = preSolution
		Debug|Any CPU = Debug|Any CPU
		Release|Any CPU = Release|Any CPU
	EndGlobalSection
	GlobalSection(ProjectConfigurationPlatforms) = postSolution
		{40E3264C-6A6C-431B-B6CE-18C3A81D4165}.Debug|Any CPU.ActiveCfg = Debug|Any CPU
		{40E3264C-6A6C-431B-B6CE-18C3A81D4165}.Debug|Any CPU.Build.0 = Debug|Any CPU
		{40E3264C-6A6C-431B-B6CE-18C3A81D4165}.Release|Any CPU.ActiveCfg = Release|Any CPU
		{40E3264C-6A6C-431B-B6CE-18C3A81D4165}.Release|Any CPU.Build.0 = Release|Any CPU
	EndGlobalSection
	GlobalSection(SolutionProperties) = preSolution
		HideSolutionNode = FALSE
	EndGlobalSection
	GlobalSection(ExtensibilityGlobals) = postSolution
		SolutionGuid = {7C40DB6D-B5CA-4518-BDD4-B623E448270B}
	EndGlobalSection
EndGlobal
